
Microsoft Visual Studio Solution File, Format Version 12.00
# Visual Studio Version 17
VisualStudioVersion = 17.0.31903.59
MinimumVisualStudioVersion = 10.0.40219.1
Project("{2150E333-8FDC-42A3-9474-1A3956D46DE8}") = "Project1", "Project1", "{3DDA3C1E-AD9F-0EFC-A38A-D682AD23467C}"
EndProject
Project("{2150E333-8FDC-42A3-9474-1A3956D46DE8}") = "Core & Domain", "Core & Domain", "{D984CD58-3F7C-A648-C587-EB31311C036C}"
EndProject
Project("{FAE04EC0-301F-11D3-BF4B-00C04F79EFBC}") = "Project1.Core", "Project1\Project1.Core\Project1.Core.csproj", "{93325FB5-4E4B-4647-924C-A89AD478E7F3}"
EndProject
Project("{FAE04EC0-301F-11D3-BF4B-00C04F79EFBC}") = "Project1.DTOs", "Project1\Project1.DTOs\Project1.DTOs.csproj", "{4B2EFA9E-C938-40B3-9E50-6AAE728D05DB}"
EndProject
Project("{FAE04EC0-301F-11D3-BF4B-00C04F79EFBC}") = "Project1.Module", "Project1\Project1.Module\Project1.Module.csproj", "{D7A4009C-3C22-4502-9FF1-4EE1FA0EC838}"
EndProject
Project("{2150E333-8FDC-42A3-9474-1A3956D46DE8}") = "UI & Presentation", "UI & Presentation", "{FB18E5B0-35E5-BF32-54D5-5629DBD46BC2}"
EndProject
Project("{FAE04EC0-301F-11D3-BF4B-00C04F79EFBC}") = "Project1.Blazor.Server", "Project1\Project1.Blazor.Server\Project1.Blazor.Server.csproj", "{7712CE20-D530-4E16-9E23-65DE1E02D87A}"
EndProject
Project("{FAE04EC0-301F-11D3-BF4B-00C04F79EFBC}") = "Project1.Win", "Project1\Project1.Win\Project1.Win.csproj", "{F3BB84B0-421A-478B-B4EA-4E1F3C9226BD}"
EndProject
Project("{2150E333-8FDC-42A3-9474-1A3956D46DE8}") = "Tests", "Tests", "{792737E3-CD42-4010-FD0A-29BD6A351A30}"
EndProject
Project("{FAE04EC0-301F-11D3-BF4B-00C04F79EFBC}") = "Project1.Module.Tests", "Project1\Project1.Module.Tests\Project1.Module.Tests.csproj", "{A4139DD8-69C1-4A84-A526-0AAD17153A11}"
EndProject
Project("{2150E333-8FDC-42A3-9474-1A3956D46DE8}") = "Project2", "Project2", "{AFFDAA6B-DC6A-7D0C-D02A-7EB27CE33530}"
EndProject
Project("{FAE04EC0-301F-11D3-BF4B-00C04F79EFBC}") = "Project2", "Project2\Project2.csproj", "{0A74D5C6-1CEE-4944-B8D0-4ACBFB2DB703}"
EndProject
Global
	GlobalSection(SolutionConfigurationPlatforms) = preSolution
		Debug|Any CPU = Debug|Any CPU
		Debug|x64 = Debug|x64
		Debug|x86 = Debug|x86
		Release|Any CPU = Release|Any CPU
		Release|x64 = Release|x64
		Release|x86 = Release|x86
	EndGlobalSection
	GlobalSection(ProjectConfigurationPlatforms) = postSolution
		{93325FB5-4E4B-4647-924C-A89AD478E7F3}.Debug|Any CPU.ActiveCfg = Debug|Any CPU
		{93325FB5-4E4B-4647-924C-A89AD478E7F3}.Debug|Any CPU.Build.0 = Debug|Any CPU
		{93325FB5-4E4B-4647-924C-A89AD478E7F3}.Debug|x64.ActiveCfg = Debug|Any CPU
		{93325FB5-4E4B-4647-924C-A89AD478E7F3}.Debug|x64.Build.0 = Debug|Any CPU
		{93325FB5-4E4B-4647-924C-A89AD478E7F3}.Debug|x86.ActiveCfg = Debug|Any CPU
		{93325FB5-4E4B-4647-924C-A89AD478E7F3}.Debug|x86.Build.0 = Debug|Any CPU
		{93325FB5-4E4B-4647-924C-A89AD478E7F3}.Release|Any CPU.ActiveCfg = Release|Any CPU
		{93325FB5-4E4B-4647-924C-A89AD478E7F3}.Release|Any CPU.Build.0 = Release|Any CPU
		{93325FB5-4E4B-4647-924C-A89AD478E7F3}.Release|x64.ActiveCfg = Release|Any CPU
		{93325FB5-4E4B-4647-924C-A89AD478E7F3}.Release|x64.Build.0 = Release|Any CPU
		{93325FB5-4E4B-4647-924C-A89AD478E7F3}.Release|x86.ActiveCfg = Release|Any CPU
		{93325FB5-4E4B-4647-924C-A89AD478E7F3}.Release|x86.Build.0 = Release|Any CPU
		{4B2EFA9E-C938-40B3-9E50-6AAE728D05DB}.Debug|Any CPU.ActiveCfg = Debug|Any CPU
		{4B2EFA9E-C938-40B3-9E50-6AAE728D05DB}.Debug|Any CPU.Build.0 = Debug|Any CPU
		{4B2EFA9E-C938-40B3-9E50-6AAE728D05DB}.Debug|x64.ActiveCfg = Debug|Any CPU
		{4B2EFA9E-C938-40B3-9E50-6AAE728D05DB}.Debug|x64.Build.0 = Debug|Any CPU
		{4B2EFA9E-C938-40B3-9E50-6AAE728D05DB}.Debug|x86.ActiveCfg = Debug|Any CPU
		{4B2EFA9E-C938-40B3-9E50-6AAE728D05DB}.Debug|x86.Build.0 = Debug|Any CPU
		{4B2EFA9E-C938-40B3-9E50-6AAE728D05DB}.Release|Any CPU.ActiveCfg = Release|Any CPU
		{4B2EFA9E-C938-40B3-9E50-6AAE728D05DB}.Release|Any CPU.Build.0 = Release|Any CPU
		{4B2EFA9E-C938-40B3-9E50-6AAE728D05DB}.Release|x64.ActiveCfg = Release|Any CPU
		{4B2EFA9E-C938-40B3-9E50-6AAE728D05DB}.Release|x64.Build.0 = Release|Any CPU
		{4B2EFA9E-C938-40B3-9E50-6AAE728D05DB}.Release|x86.ActiveCfg = Release|Any CPU
		{4B2EFA9E-C938-40B3-9E50-6AAE728D05DB}.Release|x86.Build.0 = Release|Any CPU
		{D7A4009C-3C22-4502-9FF1-4EE1FA0EC838}.Debug|Any CPU.ActiveCfg = Debug|Any CPU
		{D7A4009C-3C22-4502-9FF1-4EE1FA0EC838}.Debug|Any CPU.Build.0 = Debug|Any CPU
		{D7A4009C-3C22-4502-9FF1-4EE1FA0EC838}.Debug|x64.ActiveCfg = Debug|Any CPU
		{D7A4009C-3C22-4502-9FF1-4EE1FA0EC838}.Debug|x64.Build.0 = Debug|Any CPU
		{D7A4009C-3C22-4502-9FF1-4EE1FA0EC838}.Debug|x86.ActiveCfg = Debug|Any CPU
		{D7A4009C-3C22-4502-9FF1-4EE1FA0EC838}.Debug|x86.Build.0 = Debug|Any CPU
		{D7A4009C-3C22-4502-9FF1-4EE1FA0EC838}.Release|Any CPU.ActiveCfg = Release|Any CPU
		{D7A4009C-3C22-4502-9FF1-4EE1FA0EC838}.Release|Any CPU.Build.0 = Release|Any CPU
		{D7A4009C-3C22-4502-9FF1-4EE1FA0EC838}.Release|x64.ActiveCfg = Release|Any CPU
		{D7A4009C-3C22-4502-9FF1-4EE1FA0EC838}.Release|x64.Build.0 = Release|Any CPU
		{D7A4009C-3C22-4502-9FF1-4EE1FA0EC838}.Release|x86.ActiveCfg = Release|Any CPU
		{D7A4009C-3C22-4502-9FF1-4EE1FA0EC838}.Release|x86.Build.0 = Release|Any CPU
		{7712CE20-D530-4E16-9E23-65DE1E02D87A}.Debug|Any CPU.ActiveCfg = Debug|Any CPU
		{7712CE20-D530-4E16-9E23-65DE1E02D87A}.Debug|Any CPU.Build.0 = Debug|Any CPU
		{7712CE20-D530-4E16-9E23-65DE1E02D87A}.Debug|x64.ActiveCfg = Debug|Any CPU
		{7712CE20-D530-4E16-9E23-65DE1E02D87A}.Debug|x64.Build.0 = Debug|Any CPU
		{7712CE20-D530-4E16-9E23-65DE1E02D87A}.Debug|x86.ActiveCfg = Debug|Any CPU
		{7712CE20-D530-4E16-9E23-65DE1E02D87A}.Debug|x86.Build.0 = Debug|Any CPU
		{7712CE20-D530-4E16-9E23-65DE1E02D87A}.Release|Any CPU.ActiveCfg = Release|Any CPU
		{7712CE20-D530-4E16-9E23-65DE1E02D87A}.Release|Any CPU.Build.0 = Release|Any CPU
		{7712CE20-D530-4E16-9E23-65DE1E02D87A}.Release|x64.ActiveCfg = Release|Any CPU
		{7712CE20-D530-4E16-9E23-65DE1E02D87A}.Release|x64.Build.0 = Release|Any CPU
		{7712CE20-D530-4E16-9E23-65DE1E02D87A}.Release|x86.ActiveCfg = Release|Any CPU
		{7712CE20-D530-4E16-9E23-65DE1E02D87A}.Release|x86.Build.0 = Release|Any CPU
		{F3BB84B0-421A-478B-B4EA-4E1F3C9226BD}.Debug|Any CPU.ActiveCfg = Debug|Any CPU
		{F3BB84B0-421A-478B-B4EA-4E1F3C9226BD}.Debug|Any CPU.Build.0 = Debug|Any CPU
		{F3BB84B0-421A-478B-B4EA-4E1F3C9226BD}.Debug|x64.ActiveCfg = Debug|Any CPU
		{F3BB84B0-421A-478B-B4EA-4E1F3C9226BD}.Debug|x64.Build.0 = Debug|Any CPU
		{F3BB84B0-421A-478B-B4EA-4E1F3C9226BD}.Debug|x86.ActiveCfg = Debug|Any CPU
		{F3BB84B0-421A-478B-B4EA-4E1F3C9226BD}.Debug|x86.Build.0 = Debug|Any CPU
		{F3BB84B0-421A-478B-B4EA-4E1F3C9226BD}.Release|Any CPU.ActiveCfg = Release|Any CPU
		{F3BB84B0-421A-478B-B4EA-4E1F3C9226BD}.Release|Any CPU.Build.0 = Release|Any CPU
		{F3BB84B0-421A-478B-B4EA-4E1F3C9226BD}.Release|x64.ActiveCfg = Release|Any CPU
		{F3BB84B0-421A-478B-B4EA-4E1F3C9226BD}.Release|x64.Build.0 = Release|Any CPU
		{F3BB84B0-421A-478B-B4EA-4E1F3C9226BD}.Release|x86.ActiveCfg = Release|Any CPU
		{F3BB84B0-421A-478B-B4EA-4E1F3C9226BD}.Release|x86.Build.0 = Release|Any CPU
		{A4139DD8-69C1-4A84-A526-0AAD17153A11}.Debug|Any CPU.ActiveCfg = Debug|Any CPU
		{A4139DD8-69C1-4A84-A526-0AAD17153A11}.Debug|Any CPU.Build.0 = Debug|Any CPU
		{A4139DD8-69C1-4A84-A526-0AAD17153A11}.Debug|x64.ActiveCfg = Debug|Any CPU
		{A4139DD8-69C1-4A84-A526-0AAD17153A11}.Debug|x64.Build.0 = Debug|Any CPU
		{A4139DD8-69C1-4A84-A526-0AAD17153A11}.Debug|x86.ActiveCfg = Debug|Any CPU
		{A4139DD8-69C1-4A84-A526-0AAD17153A11}.Debug|x86.Build.0 = Debug|Any CPU
		{A4139DD8-69C1-4A84-A526-0AAD17153A11}.Release|Any CPU.ActiveCfg = Release|Any CPU
		{A4139DD8-69C1-4A84-A526-0AAD17153A11}.Release|Any CPU.Build.0 = Release|Any CPU
		{A4139DD8-69C1-4A84-A526-0AAD17153A11}.Release|x64.ActiveCfg = Release|Any CPU
		{A4139DD8-69C1-4A84-A526-0AAD17153A11}.Release|x64.Build.0 = Release|Any CPU
		{A4139DD8-69C1-4A84-A526-0AAD17153A11}.Release|x86.ActiveCfg = Release|Any CPU
		{A4139DD8-69C1-4A84-A526-0AAD17153A11}.Release|x86.Build.0 = Release|Any CPU
		{0A74D5C6-1CEE-4944-B8D0-4ACBFB2DB703}.Debug|Any CPU.ActiveCfg = Debug|Any CPU
		{0A74D5C6-1CEE-4944-B8D0-4ACBFB2DB703}.Debug|Any CPU.Build.0 = Debug|Any CPU
		{0A74D5C6-1CEE-4944-B8D0-4ACBFB2DB703}.Debug|x64.ActiveCfg = Debug|Any CPU
		{0A74D5C6-1CEE-4944-B8D0-4ACBFB2DB703}.Debug|x64.Build.0 = Debug|Any CPU
		{0A74D5C6-1CEE-4944-B8D0-4ACBFB2DB703}.Debug|x86.ActiveCfg = Debug|Any CPU
		{0A74D5C6-1CEE-4944-B8D0-4ACBFB2DB703}.Debug|x86.Build.0 = Debug|Any CPU
		{0A74D5C6-1CEE-4944-B8D0-4ACBFB2DB703}.Release|Any CPU.ActiveCfg = Release|Any CPU
		{0A74D5C6-1CEE-4944-B8D0-4ACBFB2DB703}.Release|Any CPU.Build.0 = Release|Any CPU
		{0A74D5C6-1CEE-4944-B8D0-4ACBFB2DB703}.Release|x64.ActiveCfg = Release|Any CPU
		{0A74D5C6-1CEE-4944-B8D0-4ACBFB2DB703}.Release|x64.Build.0 = Release|Any CPU
		{0A74D5C6-1CEE-4944-B8D0-4ACBFB2DB703}.Release|x86.ActiveCfg = Release|Any CPU
		{0A74D5C6-1CEE-4944-B8D0-4ACBFB2DB703}.Release|x86.Build.0 = Release|Any CPU
	EndGlobalSection
	GlobalSection(SolutionProperties) = preSolution
		HideSolutionNode = FALSE
	EndGlobalSection
	GlobalSection(NestedProjects) = preSolution
		{D984CD58-3F7C-A648-C587-EB31311C036C} = {3DDA3C1E-AD9F-0EFC-A38A-D682AD23467C}
		{93325FB5-4E4B-4647-924C-A89AD478E7F3} = {D984CD58-3F7C-A648-C587-EB31311C036C}
		{4B2EFA9E-C938-40B3-9E50-6AAE728D05DB} = {D984CD58-3F7C-A648-C587-EB31311C036C}
		{D7A4009C-3C22-4502-9FF1-4EE1FA0EC838} = {D984CD58-3F7C-A648-C587-EB31311C036C}
		{FB18E5B0-35E5-BF32-54D5-5629DBD46BC2} = {3DDA3C1E-AD9F-0EFC-A38A-D682AD23467C}
		{7712CE20-D530-4E16-9E23-65DE1E02D87A} = {FB18E5B0-35E5-BF32-54D5-5629DBD46BC2}
		{F3BB84B0-421A-478B-B4EA-4E1F3C9226BD} = {FB18E5B0-35E5-BF32-54D5-5629DBD46BC2}
		{792737E3-CD42-4010-FD0A-29BD6A351A30} = {3DDA3C1E-AD9F-0EFC-A38A-D682AD23467C}
		{A4139DD8-69C1-4A84-A526-0AAD17153A11} = {792737E3-CD42-4010-FD0A-29BD6A351A30}
		{0A74D5C6-1CEE-4944-B8D0-4ACBFB2DB703} = {AFFDAA6B-DC6A-7D0C-D02A-7EB27CE33530}
	EndGlobalSection
EndGlobal
